
Microsoft Visual Studio Solution File, Format Version 12.00
# Visual Studio Version 16
VisualStudioVersion = 16.0.31624.102
MinimumVisualStudioVersion = 10.0.40219.1
Project("{FAE04EC0-301F-11D3-BF4B-00C04F79EFBC}") = "UID10 - Entornos", "UID10 - Entornos.csproj", "{3DAB6D34-043F-4380-9B2A-B46FC48D198C}"
EndProject
Global
	GlobalSection(SolutionConfigurationPlatforms) = preSolution
		Debug|Any CPU = Debug|Any CPU
		Release|Any CPU = Release|Any CPU
	EndGlobalSection
	GlobalSection(ProjectConfigurationPlatforms) = postSolution
		{3DAB6D34-043F-4380-9B2A-B46FC48D198C}.Debug|Any CPU.ActiveCfg = Debug|Any CPU
		{3DAB6D34-043F-4380-9B2A-B46FC48D198C}.Debug|Any CPU.Build.0 = Debug|Any CPU
		{3DAB6D34-043F-4380-9B2A-B46FC48D198C}.Release|Any CPU.ActiveCfg = Release|Any CPU
		{3DAB6D34-043F-4380-9B2A-B46FC48D198C}.Release|Any CPU.Build.0 = Release|Any CPU
	EndGlobalSection
	GlobalSection(SolutionProperties) = preSolution
		HideSolutionNode = FALSE
	EndGlobalSection
	GlobalSection(ExtensibilityGlobals) = postSolution
		SolutionGuid = {723280C2-0508-4FE1-89F5-49DD6578CFC5}
	EndGlobalSection
EndGlobal
